
Microsoft Visual Studio Solution File, Format Version 12.00
# Visual Studio Version 17
VisualStudioVersion = 17.6.33829.357
MinimumVisualStudioVersion = 10.0.40219.1
Project("{FAE04EC0-301F-11D3-BF4B-00C04F79EFBC}") = "IES", "IES\IES.csproj", "{372F6E72-4AB1-43DD-9322-BA2043BEADCA}"
EndProject
Global
	GlobalSection(SolutionConfigurationPlatforms) = preSolution
		Debug|Any CPU = Debug|Any CPU
		Release|Any CPU = Release|Any CPU
	EndGlobalSection
	GlobalSection(ProjectConfigurationPlatforms) = postSolution
		{372F6E72-4AB1-43DD-9322-BA2043BEADCA}.Debug|Any CPU.ActiveCfg = Debug|Any CPU
		{372F6E72-4AB1-43DD-9322-BA2043BEADCA}.Debug|Any CPU.Build.0 = Debug|Any CPU
		{372F6E72-4AB1-43DD-9322-BA2043BEADCA}.Release|Any CPU.ActiveCfg = Release|Any CPU
		{372F6E72-4AB1-43DD-9322-BA2043BEADCA}.Release|Any CPU.Build.0 = Release|Any CPU
	EndGlobalSection
	GlobalSection(SolutionProperties) = preSolution
		HideSolutionNode = FALSE
	EndGlobalSection
	GlobalSection(ExtensibilityGlobals) = postSolution
		SolutionGuid = {2107C27C-5433-452B-B854-BD286531C80D}
	EndGlobalSection
EndGlobal
