
Microsoft Visual Studio Solution File, Format Version 12.00
# Visual Studio Version 17
VisualStudioVersion = 17.5.33502.453
MinimumVisualStudioVersion = 10.0.40219.1
Project("{FAE04EC0-301F-11D3-BF4B-00C04F79EFBC}") = "IES", "IES.csproj", "{EE663D39-EC08-4FAF-894B-2F8B2734D0EF}"
EndProject
Global
	GlobalSection(SolutionConfigurationPlatforms) = preSolution
		Debug|Any CPU = Debug|Any CPU
		Release|Any CPU = Release|Any CPU
	EndGlobalSection
	GlobalSection(ProjectConfigurationPlatforms) = postSolution
		{EE663D39-EC08-4FAF-894B-2F8B2734D0EF}.Debug|Any CPU.ActiveCfg = Debug|Any CPU
		{EE663D39-EC08-4FAF-894B-2F8B2734D0EF}.Debug|Any CPU.Build.0 = Debug|Any CPU
		{EE663D39-EC08-4FAF-894B-2F8B2734D0EF}.Release|Any CPU.ActiveCfg = Release|Any CPU
		{EE663D39-EC08-4FAF-894B-2F8B2734D0EF}.Release|Any CPU.Build.0 = Release|Any CPU
	EndGlobalSection
	GlobalSection(SolutionProperties) = preSolution
		HideSolutionNode = FALSE
	EndGlobalSection
	GlobalSection(ExtensibilityGlobals) = postSolution
		SolutionGuid = {1CC02FFC-6C96-4DB5-B0E3-3A66764C5AB0}
	EndGlobalSection
EndGlobal
